
Microsoft Visual Studio Solution File, Format Version 12.00
# Visual Studio Version 17
VisualStudioVersion = 17.0.32112.339
MinimumVisualStudioVersion = 10.0.40219.1
Project("{FAE04EC0-301F-11D3-BF4B-00C04F79EFBC}") = "Suchmasy", "Suchmasy\Suchmasy.csproj", "{F3ACFC1C-15D2-458A-994C-3A828DEFEE8F}"
EndProject
Global
	GlobalSection(SolutionConfigurationPlatforms) = preSolution
		Debug|Any CPU = Debug|Any CPU
		Release|Any CPU = Release|Any CPU
	EndGlobalSection
	GlobalSection(ProjectConfigurationPlatforms) = postSolution
		{F3ACFC1C-15D2-458A-994C-3A828DEFEE8F}.Debug|Any CPU.ActiveCfg = Debug|Any CPU
		{F3ACFC1C-15D2-458A-994C-3A828DEFEE8F}.Debug|Any CPU.Build.0 = Debug|Any CPU
		{F3ACFC1C-15D2-458A-994C-3A828DEFEE8F}.Release|Any CPU.ActiveCfg = Release|Any CPU
		{F3ACFC1C-15D2-458A-994C-3A828DEFEE8F}.Release|Any CPU.Build.0 = Release|Any CPU
	EndGlobalSection
	GlobalSection(SolutionProperties) = preSolution
		HideSolutionNode = FALSE
	EndGlobalSection
	GlobalSection(ExtensibilityGlobals) = postSolution
		SolutionGuid = {5749D92F-4340-4BB9-BC75-525A9C70D0C4}
	EndGlobalSection
EndGlobal
